
Microsoft Visual Studio Solution File, Format Version 12.00
# Visual Studio Version 17
VisualStudioVersion = 17.11.35327.3
MinimumVisualStudioVersion = 10.0.40219.1
Project("{9A19103F-16F7-4668-BE54-9A1E7A4F7556}") = "API", "API\API.csproj", "{84EA1B33-06E1-49B6-AC38-15C4C3566631}"
EndProject
Project("{FAE04EC0-301F-11D3-BF4B-00C04F79EFBC}") = "APIUnitTests", "APIUnitTests\APIUnitTests.csproj", "{E8D1449B-1403-478E-8F46-8B35B9EF882E}"
EndProject
Global
	GlobalSection(SolutionConfigurationPlatforms) = preSolution
		Debug|Any CPU = Debug|Any CPU
		Release|Any CPU = Release|Any CPU
	EndGlobalSection
	GlobalSection(ProjectConfigurationPlatforms) = postSolution
		{84EA1B33-06E1-49B6-AC38-15C4C3566631}.Debug|Any CPU.ActiveCfg = Debug|Any CPU
		{84EA1B33-06E1-49B6-AC38-15C4C3566631}.Debug|Any CPU.Build.0 = Debug|Any CPU
		{84EA1B33-06E1-49B6-AC38-15C4C3566631}.Release|Any CPU.ActiveCfg = Release|Any CPU
		{84EA1B33-06E1-49B6-AC38-15C4C3566631}.Release|Any CPU.Build.0 = Release|Any CPU
		{E8D1449B-1403-478E-8F46-8B35B9EF882E}.Debug|Any CPU.ActiveCfg = Debug|Any CPU
		{E8D1449B-1403-478E-8F46-8B35B9EF882E}.Debug|Any CPU.Build.0 = Debug|Any CPU
		{E8D1449B-1403-478E-8F46-8B35B9EF882E}.Release|Any CPU.ActiveCfg = Release|Any CPU
		{E8D1449B-1403-478E-8F46-8B35B9EF882E}.Release|Any CPU.Build.0 = Release|Any CPU
	EndGlobalSection
	GlobalSection(SolutionProperties) = preSolution
		HideSolutionNode = FALSE
	EndGlobalSection
	GlobalSection(ExtensibilityGlobals) = postSolution
		SolutionGuid = {C0E8BEBD-3EA1-4239-83B1-30D926C8DBBE}
	EndGlobalSection
EndGlobal
